
Microsoft Visual Studio Solution File, Format Version 12.00
# Visual Studio Version 16
VisualStudioVersion = 16.0.30011.22
MinimumVisualStudioVersion = 10.0.40219.1
Project("{FAE04EC0-301F-11D3-BF4B-00C04F79EFBC}") = "ChecksumManagerCore", "ChecksumManagerCore\ChecksumManagerCore.csproj", "{A81E3930-3E4E-4AC4-B88C-97D53E7DED5C}"
EndProject
Global
	GlobalSection(SolutionConfigurationPlatforms) = preSolution
		Debug|Any CPU = Debug|Any CPU
		Release|Any CPU = Release|Any CPU
	EndGlobalSection
	GlobalSection(ProjectConfigurationPlatforms) = postSolution
		{A81E3930-3E4E-4AC4-B88C-97D53E7DED5C}.Debug|Any CPU.ActiveCfg = Debug|Any CPU
		{A81E3930-3E4E-4AC4-B88C-97D53E7DED5C}.Debug|Any CPU.Build.0 = Debug|Any CPU
		{A81E3930-3E4E-4AC4-B88C-97D53E7DED5C}.Release|Any CPU.ActiveCfg = Release|Any CPU
		{A81E3930-3E4E-4AC4-B88C-97D53E7DED5C}.Release|Any CPU.Build.0 = Release|Any CPU
	EndGlobalSection
	GlobalSection(SolutionProperties) = preSolution
		HideSolutionNode = FALSE
	EndGlobalSection
	GlobalSection(ExtensibilityGlobals) = postSolution
		SolutionGuid = {163108E3-E1E7-4236-BC13-B9175D52D8E9}
	EndGlobalSection
EndGlobal
